
Microsoft Visual Studio Solution File, Format Version 12.00
# Visual Studio Version 17
VisualStudioVersion = 17.5.33516.290
MinimumVisualStudioVersion = 10.0.40219.1
Project("{2150E333-8FDC-42A3-9474-1A3956D46DE8}") = "Internal", "Internal", "{ECCE3931-C80F-44FA-8995-D06DD799F1DF}"
EndProject
Project("{2150E333-8FDC-42A3-9474-1A3956D46DE8}") = "Scripts", "Scripts", "{BCAC682E-1CAC-4EA3-B932-87179F98B88C}"
EndProject
Project("{2150E333-8FDC-42A3-9474-1A3956D46DE8}") = "Dlls", "Dlls", "{332E320E-5C1A-40F4-9F3C-F5DBF1EFA63B}"
	ProjectSection(SolutionItems) = preProject
		Dlls\AboutThisFolder.md = Dlls\AboutThisFolder.md
	EndProjectSection
EndProject
Project("{2150E333-8FDC-42A3-9474-1A3956D46DE8}") = "CompanionFiles", "CompanionFiles", "{6FA852E8-6B57-479F-9BA7-A8FE136A2E79}"
EndProject
Project("{2150E333-8FDC-42A3-9474-1A3956D46DE8}") = "Skyline DataMiner", "Skyline DataMiner", "{E712EF2E-4F45-4891-9DB2-F96B48A8703C}"
	ProjectSection(SolutionItems) = preProject
		CompanionFiles\Skyline DataMiner\AboutThisFolder.md = CompanionFiles\Skyline DataMiner\AboutThisFolder.md
	EndProjectSection
EndProject
Project("{2150E333-8FDC-42A3-9474-1A3956D46DE8}") = "Documentation", "Documentation", "{8B7FEE55-B891-41EF-8226-E2B12F42BD61}"
	ProjectSection(SolutionItems) = preProject
		Documentation\AboutThisFolder.md = Documentation\AboutThisFolder.md
		README.md = README.md
	EndProjectSection
EndProject
Project("{2150E333-8FDC-42A3-9474-1A3956D46DE8}") = "Code Analysis", "Code Analysis", "{AD27E334-BD7F-4740-A7FC-C7AF5F45E3CF}"
	ProjectSection(SolutionItems) = preProject
		Internal\Code Analysis\qaction-debug.ruleset = Internal\Code Analysis\qaction-debug.ruleset
		Internal\Code Analysis\qaction-release.ruleset = Internal\Code Analysis\qaction-release.ruleset
	EndProjectSection
EndProject
Project("{2150E333-8FDC-42A3-9474-1A3956D46DE8}") = "Show Connected Users", "Show Connected Users", "{2A849828-239E-4542-A536-7BCAA9D82E82}"
	ProjectSection(SolutionItems) = preProject
		Show Connected Users.xml = Show Connected Users.xml
	EndProjectSection
EndProject
Project("{2150E333-8FDC-42A3-9474-1A3956D46DE8}") = "Actions", "Actions", "{798ECB8E-8A19-447C-8534-838A66404700}"
EndProject
Project("{FAE04EC0-301F-11D3-BF4B-00C04F79EFBC}") = "Show Connected Users_1", "Show Connected Users_1\Show Connected Users_1.csproj", "{8086EE82-B41F-4077-BA24-E3F9C291AECB}"
EndProject
Global
	GlobalSection(SolutionConfigurationPlatforms) = preSolution
		Debug|Any CPU = Debug|Any CPU
		Release|Any CPU = Release|Any CPU
	EndGlobalSection
	GlobalSection(ProjectConfigurationPlatforms) = postSolution
		{8086EE82-B41F-4077-BA24-E3F9C291AECB}.Debug|Any CPU.ActiveCfg = Debug|Any CPU
		{8086EE82-B41F-4077-BA24-E3F9C291AECB}.Debug|Any CPU.Build.0 = Debug|Any CPU
		{8086EE82-B41F-4077-BA24-E3F9C291AECB}.Release|Any CPU.ActiveCfg = Release|Any CPU
		{8086EE82-B41F-4077-BA24-E3F9C291AECB}.Release|Any CPU.Build.0 = Release|Any CPU
	EndGlobalSection
	GlobalSection(SolutionProperties) = preSolution
		HideSolutionNode = FALSE
	EndGlobalSection
	GlobalSection(NestedProjects) = preSolution
		{E712EF2E-4F45-4891-9DB2-F96B48A8703C} = {6FA852E8-6B57-479F-9BA7-A8FE136A2E79}
		{AD27E334-BD7F-4740-A7FC-C7AF5F45E3CF} = {ECCE3931-C80F-44FA-8995-D06DD799F1DF}
		{2A849828-239E-4542-A536-7BCAA9D82E82} = {BCAC682E-1CAC-4EA3-B932-87179F98B88C}
		{798ECB8E-8A19-447C-8534-838A66404700} = {2A849828-239E-4542-A536-7BCAA9D82E82}
		{8086EE82-B41F-4077-BA24-E3F9C291AECB} = {798ECB8E-8A19-447C-8534-838A66404700}
	EndGlobalSection
	GlobalSection(ExtensibilityGlobals) = postSolution
		SolutionGuid = {8C6C47E7-25C1-4E90-931C-E5C1BB3EC78F}
	EndGlobalSection
EndGlobal
