
Microsoft Visual Studio Solution File, Format Version 12.00
# Visual Studio Version 17
VisualStudioVersion = 17.5.33516.290
MinimumVisualStudioVersion = 10.0.40219.1
Project("{2150E333-8FDC-42A3-9474-1A3956D46DE8}") = "Internal", "Internal", "{ECCE3931-C80F-44FA-8995-D06DD799F1DF}"
EndProject
Project("{2150E333-8FDC-42A3-9474-1A3956D46DE8}") = "Scripts", "Scripts", "{BCAC682E-1CAC-4EA3-B932-87179F98B88C}"
EndProject
Project("{2150E333-8FDC-42A3-9474-1A3956D46DE8}") = "Dlls", "Dlls", "{332E320E-5C1A-40F4-9F3C-F5DBF1EFA63B}"
	ProjectSection(SolutionItems) = preProject
		Dlls\AboutThisFolder.md = Dlls\AboutThisFolder.md
	EndProjectSection
EndProject
Project("{2150E333-8FDC-42A3-9474-1A3956D46DE8}") = "CompanionFiles", "CompanionFiles", "{6FA852E8-6B57-479F-9BA7-A8FE136A2E79}"
EndProject
Project("{2150E333-8FDC-42A3-9474-1A3956D46DE8}") = "Skyline DataMiner", "Skyline DataMiner", "{E712EF2E-4F45-4891-9DB2-F96B48A8703C}"
	ProjectSection(SolutionItems) = preProject
		CompanionFiles\Skyline DataMiner\AboutThisFolder.md = CompanionFiles\Skyline DataMiner\AboutThisFolder.md
	EndProjectSection
EndProject
Project("{2150E333-8FDC-42A3-9474-1A3956D46DE8}") = "Documentation", "Documentation", "{8B7FEE55-B891-41EF-8226-E2B12F42BD61}"
	ProjectSection(SolutionItems) = preProject
		Documentation\AboutThisFolder.md = Documentation\AboutThisFolder.md
		README.md = README.md
	EndProjectSection
EndProject
Project("{2150E333-8FDC-42A3-9474-1A3956D46DE8}") = "Code Analysis", "Code Analysis", "{AD27E334-BD7F-4740-A7FC-C7AF5F45E3CF}"
	ProjectSection(SolutionItems) = preProject
		Internal\Code Analysis\qaction-debug.ruleset = Internal\Code Analysis\qaction-debug.ruleset
		Internal\Code Analysis\qaction-release.ruleset = Internal\Code Analysis\qaction-release.ruleset
	EndProjectSection
EndProject
Project("{2150E333-8FDC-42A3-9474-1A3956D46DE8}") = "Show connected users", "Show connected users", "{FFB96F16-8A89-4044-AF72-68873B7D6760}"
	ProjectSection(SolutionItems) = preProject
		Show connected users.xml = Show connected users.xml
	EndProjectSection
EndProject
Project("{2150E333-8FDC-42A3-9474-1A3956D46DE8}") = "Actions", "Actions", "{359D4D30-0CC7-42D7-9E6E-1B794130DB8E}"
EndProject
Project("{FAE04EC0-301F-11D3-BF4B-00C04F79EFBC}") = "Show connected users_1", "Show connected users_1\Show connected users_1.csproj", "{9C61973B-40CB-4A4D-902C-EEFE32FDF638}"
EndProject
Global
	GlobalSection(SolutionConfigurationPlatforms) = preSolution
		Debug|Any CPU = Debug|Any CPU
		Release|Any CPU = Release|Any CPU
	EndGlobalSection
	GlobalSection(ProjectConfigurationPlatforms) = postSolution
		{9C61973B-40CB-4A4D-902C-EEFE32FDF638}.Debug|Any CPU.ActiveCfg = Debug|Any CPU
		{9C61973B-40CB-4A4D-902C-EEFE32FDF638}.Debug|Any CPU.Build.0 = Debug|Any CPU
		{9C61973B-40CB-4A4D-902C-EEFE32FDF638}.Release|Any CPU.ActiveCfg = Release|Any CPU
		{9C61973B-40CB-4A4D-902C-EEFE32FDF638}.Release|Any CPU.Build.0 = Release|Any CPU
	EndGlobalSection
	GlobalSection(SolutionProperties) = preSolution
		HideSolutionNode = FALSE
	EndGlobalSection
	GlobalSection(NestedProjects) = preSolution
		{E712EF2E-4F45-4891-9DB2-F96B48A8703C} = {6FA852E8-6B57-479F-9BA7-A8FE136A2E79}
		{AD27E334-BD7F-4740-A7FC-C7AF5F45E3CF} = {ECCE3931-C80F-44FA-8995-D06DD799F1DF}
		{FFB96F16-8A89-4044-AF72-68873B7D6760} = {BCAC682E-1CAC-4EA3-B932-87179F98B88C}
		{359D4D30-0CC7-42D7-9E6E-1B794130DB8E} = {FFB96F16-8A89-4044-AF72-68873B7D6760}
		{9C61973B-40CB-4A4D-902C-EEFE32FDF638} = {359D4D30-0CC7-42D7-9E6E-1B794130DB8E}
	EndGlobalSection
	GlobalSection(ExtensibilityGlobals) = postSolution
		SolutionGuid = {8C6C47E7-25C1-4E90-931C-E5C1BB3EC78F}
	EndGlobalSection
EndGlobal
